github.com/Amee6/bank v1.0.0 h1:ybYmoBuoYLmSs6CYGj0DB4qtTC4Qnli8Kf+4OGJXzaA=
github.com/Amee6/bank v1.0.0/go.mod h1:I3Qz90xdi32IUkbBCFzIIg0QGAiyWiePlUFVTfhY2I8=
github.com/Amee6/bank/v2 v2.0.0 h1:0zQMD1nyu2HqLzRvPyb8jykNO0735ZBw6mTkTWmFTtI=
github.com/Amee6/bank/v2 v2.0.0/go.mod h1:fW6QnXjJDrKkUkDuQP4sf8KyNJuHIngO4pTdvpm++B4=
github.com/Amee6/bank/v3 v3.0.0 h1:oUtJU9HXj+R5aoFPjTyw+VPM0uNY7v9C4wgvPfn2wHc=
github.com/Amee6/bank/v3 v3.0.0/go.mod h1:q2+67mTQF3ugrQXhaZ/arQ+S6seAcP7uB4vvCPlhF6A=
